<?xml version="1.0" encoding="utf-8"?>
<Project ToolsVersion="4.0" xmlns="http://schemas.microsoft.com/developer/msbuild/2003">
  <ItemGroup>
    <Filter Include="Source Files">
      <UniqueIdentifier>{4FC737F1-C7A5-4376-A066-2A32D752A2FF}</UniqueIdentifier>
      <Extensions>cpp;c;cc;cxx;def;odl;idl;hpj;bat;asm;asmx</Extensions>
    </Filter>
    <Filter Include="Header Files">
      <UniqueIdentifier>{93995380-89BD-4b04-88EB-625FBE52EBFB}</UniqueIdentifier>
      <Extensions>h;hh;hpp;hxx;hm;inl;inc;xsd</Extensions>
    </Filter>
    <Filter Include="Resource Files">
      <UniqueIdentifier>{67DA6AB6-F800-4c08-8B7A-83BB121AAD01}</UniqueIdentifier>
      <Extensions>rc;ico;cur;bmp;dlg;rc2;rct;bin;rgs;gif;jpg;jpeg;jpe;resx;tiff;tif;png;wav;mfcribbon-ms</Extensions>
    </Filter>
  </ItemGroup>
  <ItemGroup>
    <ClInclude Include="..\ISOBMFF\include\ISOBMFF\BinaryStream.hpp">
      <Filter>Header Files</Filter>
    </ClInclude>
    <ClInclude Include="..\ISOBMFF\include\ISOBMFF\Box.hpp">
      <Filter>Header Files</Filter>
    </ClInclude>
    <ClInclude Include="..\ISOBMFF\include\ISOBMFF\CDSC.hpp">
      <Filter>Header Files</Filter>
    </ClInclude>
    <ClInclude Include="..\ISOBMFF\include\ISOBMFF\COLR.hpp">
      <Filter>Header Files</Filter>
    </ClInclude>
    <ClInclude Include="..\ISOBMFF\include\ISOBMFF\Container.hpp">
      <Filter>Header Files</Filter>
    </ClInclude>
    <ClInclude Include="..\ISOBMFF\include\ISOBMFF\ContainerBox.hpp">
      <Filter>Header Files</Filter>
    </ClInclude>
    <ClInclude Include="..\ISOBMFF\include\ISOBMFF\DIMG.hpp">
      <Filter>Header Files</Filter>
    </ClInclude>
    <ClInclude Include="..\ISOBMFF\include\ISOBMFF\DisplayableObject.hpp">
      <Filter>Header Files</Filter>
    </ClInclude>
    <ClInclude Include="..\ISOBMFF\include\ISOBMFF\DisplayableObjectContainer.hpp">
      <Filter>Header Files</Filter>
    </ClInclude>
    <ClInclude Include="..\ISOBMFF\include\ISOBMFF\DREF.hpp">
      <Filter>Header Files</Filter>
    </ClInclude>
    <ClInclude Include="..\ISOBMFF\include\ISOBMFF\File.hpp">
      <Filter>Header Files</Filter>
    </ClInclude>
    <ClInclude Include="..\ISOBMFF\include\ISOBMFF\FTYP.hpp">
      <Filter>Header Files</Filter>
    </ClInclude>
    <ClInclude Include="..\ISOBMFF\include\ISOBMFF\FullBox.hpp">
      <Filter>Header Files</Filter>
    </ClInclude>
    <ClInclude Include="..\ISOBMFF\include\ISOBMFF\HDLR.hpp">
      <Filter>Header Files</Filter>
    </ClInclude>
    <ClInclude Include="..\ISOBMFF\include\ISOBMFF\HVCC.hpp">
      <Filter>Header Files</Filter>
    </ClInclude>
    <ClInclude Include="..\ISOBMFF\include\ISOBMFF\IINF.hpp">
      <Filter>Header Files</Filter>
    </ClInclude>
    <ClInclude Include="..\ISOBMFF\include\ISOBMFF\ILOC.hpp">
      <Filter>Header Files</Filter>
    </ClInclude>
    <ClInclude Include="..\ISOBMFF\include\ISOBMFF\ImageGrid.hpp">
      <Filter>Header Files</Filter>
    </ClInclude>
    <ClInclude Include="..\ISOBMFF\include\ISOBMFF\INFE.hpp">
      <Filter>Header Files</Filter>
    </ClInclude>
    <ClInclude Include="..\ISOBMFF\include\ISOBMFF\IPCO.hpp">
      <Filter>Header Files</Filter>
    </ClInclude>
    <ClInclude Include="..\ISOBMFF\include\ISOBMFF\IPMA.hpp">
      <Filter>Header Files</Filter>
    </ClInclude>
    <ClInclude Include="..\ISOBMFF\include\ISOBMFF\IREF.hpp">
      <Filter>Header Files</Filter>
    </ClInclude>
    <ClInclude Include="..\ISOBMFF\include\ISOBMFF\IROT.hpp">
      <Filter>Header Files</Filter>
    </ClInclude>
    <ClInclude Include="..\ISOBMFF\include\ISOBMFF\ISPE.hpp">
      <Filter>Header Files</Filter>
    </ClInclude>
    <ClInclude Include="..\ISOBMFF\include\ISOBMFF\Matrix.hpp">
      <Filter>Header Files</Filter>
    </ClInclude>
    <ClInclude Include="..\ISOBMFF\include\ISOBMFF\MDHD.hpp">
      <Filter>Header Files</Filter>
    </ClInclude>
    <ClInclude Include="..\ISOBMFF\include\ISOBMFF\META.hpp">
      <Filter>Header Files</Filter>
    </ClInclude>
    <ClInclude Include="..\ISOBMFF\include\ISOBMFF\MVHD.hpp">
      <Filter>Header Files</Filter>
    </ClInclude>
    <ClInclude Include="..\ISOBMFF\include\ISOBMFF\Parser.hpp">
      <Filter>Header Files</Filter>
    </ClInclude>
    <ClInclude Include="..\ISOBMFF\include\ISOBMFF\PITM.hpp">
      <Filter>Header Files</Filter>
    </ClInclude>
    <ClInclude Include="..\ISOBMFF\include\ISOBMFF\PIXI.hpp">
      <Filter>Header Files</Filter>
    </ClInclude>
    <ClInclude Include="..\ISOBMFF\include\ISOBMFF\SingleItemTypeReferenceBox.hpp">
      <Filter>Header Files</Filter>
    </ClInclude>
    <ClInclude Include="..\ISOBMFF\include\ISOBMFF\THMB.hpp">
      <Filter>Header Files</Filter>
    </ClInclude>
    <ClInclude Include="..\ISOBMFF\include\ISOBMFF\TKHD.hpp">
      <Filter>Header Files</Filter>
    </ClInclude>
    <ClInclude Include="..\ISOBMFF\include\ISOBMFF\URL.hpp">
      <Filter>Header Files</Filter>
    </ClInclude>
    <ClInclude Include="..\ISOBMFF\include\ISOBMFF\URN.hpp">
      <Filter>Header Files</Filter>
    </ClInclude>
    <ClInclude Include="..\ISOBMFF\include\ISOBMFF\Utils.hpp">
      <Filter>Header Files</Filter>
    </ClInclude>
    <ClInclude Include="..\ISOBMFF\include\ISOBMFF.hpp">
      <Filter>Header Files</Filter>
    </ClInclude>
    <ClInclude Include="..\ISOBMFF\include\ISOBMFF\Macros.hpp">
      <Filter>Header Files</Filter>
    </ClInclude>
    <ClInclude Include="..\ISOBMFF\include\ISOBMFF\STSD.hpp">
      <Filter>Header Files</Filter>
    </ClInclude>
    <ClInclude Include="..\ISOBMFF\include\ISOBMFF\STTS.hpp">
      <Filter>Header Files</Filter>
    </ClInclude>
    <ClInclude Include="..\ISOBMFF\include\ISOBMFF\WIN32.hpp">
      <Filter>Header Files</Filter>
    </ClInclude>
    <ClInclude Include="..\ISOBMFF\include\ISOBMFF\FRMA.hpp">
      <Filter>Header Files</Filter>
    </ClInclude>
    <ClInclude Include="..\ISOBMFF\include\ISOBMFF\SCHM.hpp">
      <Filter>Header Files</Filter>
    </ClInclude>
    <ClInclude Include="..\ISOBMFF\include\ISOBMFF\BinaryDataStream.hpp">
      <Filter>Header Files</Filter>
    </ClInclude>
    <ClInclude Include="..\ISOBMFF\include\ISOBMFF\BinaryFileStream.hpp">
      <Filter>Header Files</Filter>
    </ClInclude>
  </ItemGroup>
  <ItemGroup>
    <ClCompile Include="..\ISOBMFF\source\BinaryStream.cpp">
      <Filter>Source Files</Filter>
    </ClCompile>
    <ClCompile Include="..\ISOBMFF\source\Box.cpp">
      <Filter>Source Files</Filter>
    </ClCompile>
    <ClCompile Include="..\ISOBMFF\source\CDSC.cpp">
      <Filter>Source Files</Filter>
    </ClCompile>
    <ClCompile Include="..\ISOBMFF\source\COLR.cpp">
      <Filter>Source Files</Filter>
    </ClCompile>
    <ClCompile Include="..\ISOBMFF\source\Container.cpp">
      <Filter>Source Files</Filter>
    </ClCompile>
    <ClCompile Include="..\ISOBMFF\source\ContainerBox.cpp">
      <Filter>Source Files</Filter>
    </ClCompile>
    <ClCompile Include="..\ISOBMFF\source\DIMG.cpp">
      <Filter>Source Files</Filter>
    </ClCompile>
    <ClCompile Include="..\ISOBMFF\source\DisplayableObject.cpp">
      <Filter>Source Files</Filter>
    </ClCompile>
    <ClCompile Include="..\ISOBMFF\source\DisplayableObjectContainer.cpp">
      <Filter>Source Files</Filter>
    </ClCompile>
    <ClCompile Include="..\ISOBMFF\source\DREF.cpp">
      <Filter>Source Files</Filter>
    </ClCompile>
    <ClCompile Include="..\ISOBMFF\source\File.cpp">
      <Filter>Source Files</Filter>
    </ClCompile>
    <ClCompile Include="..\ISOBMFF\source\FTYP.cpp">
      <Filter>Source Files</Filter>
    </ClCompile>
    <ClCompile Include="..\ISOBMFF\source\FullBox.cpp">
      <Filter>Source Files</Filter>
    </ClCompile>
    <ClCompile Include="..\ISOBMFF\source\HDLR.cpp">
      <Filter>Source Files</Filter>
    </ClCompile>
    <ClCompile Include="..\ISOBMFF\source\HVCC-Array-NALUnit.cpp">
      <Filter>Source Files</Filter>
    </ClCompile>
    <ClCompile Include="..\ISOBMFF\source\HVCC-Array.cpp">
      <Filter>Source Files</Filter>
    </ClCompile>
    <ClCompile Include="..\ISOBMFF\source\HVCC.cpp">
      <Filter>Source Files</Filter>
    </ClCompile>
    <ClCompile Include="..\ISOBMFF\source\IINF.cpp">
      <Filter>Source Files</Filter>
    </ClCompile>
    <ClCompile Include="..\ISOBMFF\source\ILOC-Item-Extent.cpp">
      <Filter>Source Files</Filter>
    </ClCompile>
    <ClCompile Include="..\ISOBMFF\source\ILOC-Item.cpp">
      <Filter>Source Files</Filter>
    </ClCompile>
    <ClCompile Include="..\ISOBMFF\source\ILOC.cpp">
      <Filter>Source Files</Filter>
    </ClCompile>
    <ClCompile Include="..\ISOBMFF\source\ImageGrid.cpp">
      <Filter>Source Files</Filter>
    </ClCompile>
    <ClCompile Include="..\ISOBMFF\source\INFE.cpp">
      <Filter>Source Files</Filter>
    </ClCompile>
    <ClCompile Include="..\ISOBMFF\source\IPCO.cpp">
      <Filter>Source Files</Filter>
    </ClCompile>
    <ClCompile Include="..\ISOBMFF\source\IPMA-Entry-Association.cpp">
      <Filter>Source Files</Filter>
    </ClCompile>
    <ClCompile Include="..\ISOBMFF\source\IPMA-Entry.cpp">
      <Filter>Source Files</Filter>
    </ClCompile>
    <ClCompile Include="..\ISOBMFF\source\IPMA.cpp">
      <Filter>Source Files</Filter>
    </ClCompile>
    <ClCompile Include="..\ISOBMFF\source\IREF.cpp">
      <Filter>Source Files</Filter>
    </ClCompile>
    <ClCompile Include="..\ISOBMFF\source\IROT.cpp">
      <Filter>Source Files</Filter>
    </ClCompile>
    <ClCompile Include="..\ISOBMFF\source\ISPE.cpp">
      <Filter>Source Files</Filter>
    </ClCompile>
    <ClCompile Include="..\ISOBMFF\source\Matrix.cpp">
      <Filter>Source Files</Filter>
    </ClCompile>
    <ClCompile Include="..\ISOBMFF\source\MDHD.cpp">
      <Filter>Source Files</Filter>
    </ClCompile>
    <ClCompile Include="..\ISOBMFF\source\META.cpp">
      <Filter>Source Files</Filter>
    </ClCompile>
    <ClCompile Include="..\ISOBMFF\source\MVHD.cpp">
      <Filter>Source Files</Filter>
    </ClCompile>
    <ClCompile Include="..\ISOBMFF\source\Parser.cpp">
      <Filter>Source Files</Filter>
    </ClCompile>
    <ClCompile Include="..\ISOBMFF\source\PITM.cpp">
      <Filter>Source Files</Filter>
    </ClCompile>
    <ClCompile Include="..\ISOBMFF\source\PIXI-Channel.cpp">
      <Filter>Source Files</Filter>
    </ClCompile>
    <ClCompile Include="..\ISOBMFF\source\PIXI.cpp">
      <Filter>Source Files</Filter>
    </ClCompile>
    <ClCompile Include="..\ISOBMFF\source\SingleItemTypeReferenceBox.cpp">
      <Filter>Source Files</Filter>
    </ClCompile>
    <ClCompile Include="..\ISOBMFF\source\THMB.cpp">
      <Filter>Source Files</Filter>
    </ClCompile>
    <ClCompile Include="..\ISOBMFF\source\TKHD.cpp">
      <Filter>Source Files</Filter>
    </ClCompile>
    <ClCompile Include="..\ISOBMFF\source\URL.cpp">
      <Filter>Source Files</Filter>
    </ClCompile>
    <ClCompile Include="..\ISOBMFF\source\URN.cpp">
      <Filter>Source Files</Filter>
    </ClCompile>
    <ClCompile Include="..\ISOBMFF\source\Utils.cpp">
      <Filter>Source Files</Filter>
    </ClCompile>
    <ClCompile Include="..\ISOBMFF\source\STSD.cpp">
      <Filter>Source Files</Filter>
    </ClCompile>
    <ClCompile Include="..\ISOBMFF\source\STTS.cpp">
      <Filter>Source Files</Filter>
    </ClCompile>
    <ClCompile Include="..\ISOBMFF\source\WIN32.cpp">
      <Filter>Source Files</Filter>
    </ClCompile>
    <ClCompile Include="..\ISOBMFF\source\FRMA.cpp">
      <Filter>Source Files</Filter>
    </ClCompile>
    <ClCompile Include="..\ISOBMFF\source\SCHM.cpp">
      <Filter>Source Files</Filter>
    </ClCompile>
    <ClCompile Include="..\ISOBMFF\source\BinaryFileStream.cpp">
      <Filter>Source Files</Filter>
    </ClCompile>
    <ClCompile Include="..\ISOBMFF\source\BinaryDataStream.cpp">
      <Filter>Source Files</Filter>
    </ClCompile>
  </ItemGroup>
</Project>
