// !$*UTF8*$!
{
	archiveVersion = 1;
	classes = {
	};
	objectVersion = 48;
	objects = {

/* Begin PBXBuildFile section */
		0515C8C31F2A7807003B8594 /* File.cpp in Sources */ = {isa = PBXBuildFile; fileRef = 0515C8C11F2A7807003B8594 /* File.cpp */; };
		0515C8C41F2A7807003B8594 /* File.hpp in Headers */ = {isa = PBXBuildFile; fileRef = 0515C8C21F2A7807003B8594 /* File.hpp */; };
		05DA96061F2A7D5B005F46DB /* libIBMFF.a in Frameworks */ = {isa = PBXBuildFile; fileRef = 0515C8AF1F2A71A8003B8594 /* libIBMFF.a */; };
		05DA96121F2A7DC3005F46DB /* GoogleMock.framework in Frameworks */ = {isa = PBXBuildFile; fileRef = 05A4111A1F2A7D2E002B1A79 /* GoogleMock.framework */; };
		05DA96141F2A7DD4005F46DB /* File.cpp in Sources */ = {isa = PBXBuildFile; fileRef = 05DA96131F2A7DD4005F46DB /* File.cpp */; };
/* End PBXBuildFile section */

/* Begin PBXContainerItemProxy section */
		05A411191F2A7D2E002B1A79 /* PBXContainerItemProxy */ = {
			isa = PBXContainerItemProxy;
			containerPortal = 05A411121F2A7D2E002B1A79 /* GoogleMock.xcodeproj */;
			proxyType = 2;
			remoteGlobalIDString = 05818F861A685AEA0072A469;
			remoteInfo = GoogleMock;
		};
		05A4111B1F2A7D2E002B1A79 /* PBXContainerItemProxy */ = {
			isa = PBXContainerItemProxy;
			containerPortal = 05A411121F2A7D2E002B1A79 /* GoogleMock.xcodeproj */;
			proxyType = 2;
			remoteGlobalIDString = 05E96ABD1A68600C00204102;
			remoteInfo = gmock;
		};
		05A4111D1F2A7D2E002B1A79 /* PBXContainerItemProxy */ = {
			isa = PBXContainerItemProxy;
			containerPortal = 05A411121F2A7D2E002B1A79 /* GoogleMock.xcodeproj */;
			proxyType = 2;
			remoteGlobalIDString = 05E96B1F1A68634900204102;
			remoteInfo = gtest;
		};
		05A4111F1F2A7D2E002B1A79 /* PBXContainerItemProxy */ = {
			isa = PBXContainerItemProxy;
			containerPortal = 05A411121F2A7D2E002B1A79 /* GoogleMock.xcodeproj */;
			proxyType = 2;
			remoteGlobalIDString = 05818F901A685AEA0072A469;
			remoteInfo = GoogleMockTests;
		};
		05DA96071F2A7D5B005F46DB /* PBXContainerItemProxy */ = {
			isa = PBXContainerItemProxy;
			containerPortal = 0515C8A71F2A71A8003B8594 /* Project object */;
			proxyType = 1;
			remoteGlobalIDString = 0515C8AE1F2A71A8003B8594;
			remoteInfo = IBMFF;
		};
		05DA96101F2A7DBE005F46DB /* PBXContainerItemProxy */ = {
			isa = PBXContainerItemProxy;
			containerPortal = 05A411121F2A7D2E002B1A79 /* GoogleMock.xcodeproj */;
			proxyType = 1;
			remoteGlobalIDString = 05818F851A685AEA0072A469;
			remoteInfo = GoogleMock;
		};
/* End PBXContainerItemProxy section */

/* Begin PBXFileReference section */
		0515C8AF1F2A71A8003B8594 /* libIBMFF.a */ = {isa = PBXFileReference; explicitFileType = archive.ar; includeInIndex = 0; path = libIBMFF.a; sourceTree = BUILT_PRODUCTS_DIR; };
		0515C8C01F2A77C4003B8594 /* IBMFF.hpp */ = {isa = PBXFileReference; lastKnownFileType = sourcecode.cpp.h; path = IBMFF.hpp; sourceTree = "<group>"; };
		0515C8C11F2A7807003B8594 /* File.cpp */ = {isa = PBXFileReference; lastKnownFileType = sourcecode.cpp.cpp; path = File.cpp; sourceTree = "<group>"; };
		0515C8C21F2A7807003B8594 /* File.hpp */ = {isa = PBXFileReference; lastKnownFileType = sourcecode.cpp.h; path = File.hpp; sourceTree = "<group>"; };
		05A411121F2A7D2E002B1A79 /* GoogleMock.xcodeproj */ = {isa = PBXFileReference; lastKnownFileType = "wrapper.pb-project"; name = GoogleMock.xcodeproj; path = "Submodules/gmock-xcode/GoogleMock.xcodeproj"; sourceTree = "<group>"; };
		05DA96011F2A7D5B005F46DB /* IBMFF-Tests.xctest */ = {isa = PBXFileReference; explicitFileType = wrapper.cfbundle; includeInIndex = 0; path = "IBMFF-Tests.xctest"; sourceTree = BUILT_PRODUCTS_DIR; };
		05DA96051F2A7D5B005F46DB /* Info.plist */ = {isa = PBXFileReference; lastKnownFileType = text.plist.xml; path = Info.plist; sourceTree = "<group>"; };
		05DA96131F2A7DD4005F46DB /* File.cpp */ = {isa = PBXFileReference; lastKnownFileType = sourcecode.cpp.cpp; path = File.cpp; sourceTree = "<group>"; };
/* End PBXFileReference section */

/* Begin PBXFrameworksBuildPhase section */
		0515C8AC1F2A71A8003B8594 /* Frameworks */ = {
			isa = PBXFrameworksBuildPhase;
			buildActionMask = 2147483647;
			files = (
			);
			runOnlyForDeploymentPostprocessing = 0;
		};
		05DA95FE1F2A7D5B005F46DB /* Frameworks */ = {
			isa = PBXFrameworksBuildPhase;
			buildActionMask = 2147483647;
			files = (
				05DA96121F2A7DC3005F46DB /* GoogleMock.framework in Frameworks */,
				05DA96061F2A7D5B005F46DB /* libIBMFF.a in Frameworks */,
			);
			runOnlyForDeploymentPostprocessing = 0;
		};
/* End PBXFrameworksBuildPhase section */

/* Begin PBXGroup section */
		0515C8A61F2A71A8003B8594 = {
			isa = PBXGroup;
			children = (
				05A411121F2A7D2E002B1A79 /* GoogleMock.xcodeproj */,
				0515C8B11F2A71A8003B8594 /* IBMFF */,
				05DA96021F2A7D5B005F46DB /* IBMFF-Tests */,
				0515C8B01F2A71A8003B8594 /* Products */,
			);
			sourceTree = "<group>";
		};
		0515C8B01F2A71A8003B8594 /* Products */ = {
			isa = PBXGroup;
			children = (
				0515C8AF1F2A71A8003B8594 /* libIBMFF.a */,
				05DA96011F2A7D5B005F46DB /* IBMFF-Tests.xctest */,
			);
			name = Products;
			sourceTree = "<group>";
		};
		0515C8B11F2A71A8003B8594 /* IBMFF */ = {
			isa = PBXGroup;
			children = (
				0515C8BD1F2A71E7003B8594 /* include */,
				0515C8BE1F2A71E7003B8594 /* source */,
			);
			path = IBMFF;
			sourceTree = "<group>";
		};
		0515C8BD1F2A71E7003B8594 /* include */ = {
			isa = PBXGroup;
			children = (
				0515C8BF1F2A7775003B8594 /* IBMFF */,
			);
			path = include;
			sourceTree = "<group>";
		};
		0515C8BE1F2A71E7003B8594 /* source */ = {
			isa = PBXGroup;
			children = (
				0515C8C11F2A7807003B8594 /* File.cpp */,
			);
			path = source;
			sourceTree = "<group>";
		};
		0515C8BF1F2A7775003B8594 /* IBMFF */ = {
			isa = PBXGroup;
			children = (
				0515C8C01F2A77C4003B8594 /* IBMFF.hpp */,
				0515C8C21F2A7807003B8594 /* File.hpp */,
			);
			path = IBMFF;
			sourceTree = "<group>";
		};
		05A411131F2A7D2E002B1A79 /* Products */ = {
			isa = PBXGroup;
			children = (
				05A4111A1F2A7D2E002B1A79 /* GoogleMock.framework */,
				05A4111C1F2A7D2E002B1A79 /* gmock.framework */,
				05A4111E1F2A7D2E002B1A79 /* gtest.framework */,
				05A411201F2A7D2E002B1A79 /* GoogleMockTests.xctest */,
			);
			name = Products;
			sourceTree = "<group>";
		};
		05DA96021F2A7D5B005F46DB /* IBMFF-Tests */ = {
			isa = PBXGroup;
			children = (
				05DA96051F2A7D5B005F46DB /* Info.plist */,
				05DA96131F2A7DD4005F46DB /* File.cpp */,
			);
			path = "IBMFF-Tests";
			sourceTree = "<group>";
		};
/* End PBXGroup section */

/* Begin PBXHeadersBuildPhase section */
		0515C8AD1F2A71A8003B8594 /* Headers */ = {
			isa = PBXHeadersBuildPhase;
			buildActionMask = 2147483647;
			files = (
				0515C8C41F2A7807003B8594 /* File.hpp in Headers */,
			);
			runOnlyForDeploymentPostprocessing = 0;
		};
/* End PBXHeadersBuildPhase section */

/* Begin PBXNativeTarget section */
		0515C8AE1F2A71A8003B8594 /* IBMFF */ = {
			isa = PBXNativeTarget;
			buildConfigurationList = 0515C8BA1F2A71A8003B8594 /* Build configuration list for PBXNativeTarget "IBMFF" */;
			buildPhases = (
				0515C8AB1F2A71A8003B8594 /* Sources */,
				0515C8AC1F2A71A8003B8594 /* Frameworks */,
				0515C8AD1F2A71A8003B8594 /* Headers */,
			);
			buildRules = (
			);
			dependencies = (
			);
			name = IBMFF;
			productName = IBMFF;
			productReference = 0515C8AF1F2A71A8003B8594 /* libIBMFF.a */;
			productType = "com.apple.product-type.library.static";
		};
		05DA96001F2A7D5B005F46DB /* IBMFF-Tests */ = {
			isa = PBXNativeTarget;
			buildConfigurationList = 05DA960F1F2A7D5B005F46DB /* Build configuration list for PBXNativeTarget "IBMFF-Tests" */;
			buildPhases = (
				05DA95FD1F2A7D5B005F46DB /* Sources */,
				05DA95FE1F2A7D5B005F46DB /* Frameworks */,
				05DA95FF1F2A7D5B005F46DB /* Resources */,
			);
			buildRules = (
			);
			dependencies = (
				05DA96111F2A7DBE005F46DB /* PBXTargetDependency */,
				05DA96081F2A7D5B005F46DB /* PBXTargetDependency */,
			);
			name = "IBMFF-Tests";
			productName = "IBMFF-Tests";
			productReference = 05DA96011F2A7D5B005F46DB /* IBMFF-Tests.xctest */;
			productType = "com.apple.product-type.bundle.unit-test";
		};
/* End PBXNativeTarget section */

/* Begin PBXProject section */
		0515C8A71F2A71A8003B8594 /* Project object */ = {
			isa = PBXProject;
			attributes = {
				LastUpgradeCheck = 0900;
				ORGANIZATIONNAME = "XS-Labs";
				TargetAttributes = {
					0515C8AE1F2A71A8003B8594 = {
						CreatedOnToolsVersion = 9.0;
					};
					05DA96001F2A7D5B005F46DB = {
						CreatedOnToolsVersion = 9.0;
					};
				};
			};
			buildConfigurationList = 0515C8AA1F2A71A8003B8594 /* Build configuration list for PBXProject "IBMFF" */;
			compatibilityVersion = "Xcode 8.0";
			developmentRegion = en;
			hasScannedForEncodings = 0;
			knownRegions = (
				en,
			);
			mainGroup = 0515C8A61F2A71A8003B8594;
			productRefGroup = 0515C8B01F2A71A8003B8594 /* Products */;
			projectDirPath = "";
			projectReferences = (
				{
					ProductGroup = 05A411131F2A7D2E002B1A79 /* Products */;
					ProjectRef = 05A411121F2A7D2E002B1A79 /* GoogleMock.xcodeproj */;
				},
			);
			projectRoot = "";
			targets = (
				0515C8AE1F2A71A8003B8594 /* IBMFF */,
				05DA96001F2A7D5B005F46DB /* IBMFF-Tests */,
			);
		};
/* End PBXProject section */

/* Begin PBXReferenceProxy section */
		05A4111A1F2A7D2E002B1A79 /* GoogleMock.framework */ = {
			isa = PBXReferenceProxy;
			fileType = wrapper.framework;
			path = GoogleMock.framework;
			remoteRef = 05A411191F2A7D2E002B1A79 /* PBXContainerItemProxy */;
			sourceTree = BUILT_PRODUCTS_DIR;
		};
		05A4111C1F2A7D2E002B1A79 /* gmock.framework */ = {
			isa = PBXReferenceProxy;
			fileType = wrapper.framework;
			path = gmock.framework;
			remoteRef = 05A4111B1F2A7D2E002B1A79 /* PBXContainerItemProxy */;
			sourceTree = BUILT_PRODUCTS_DIR;
		};
		05A4111E1F2A7D2E002B1A79 /* gtest.framework */ = {
			isa = PBXReferenceProxy;
			fileType = wrapper.framework;
			path = gtest.framework;
			remoteRef = 05A4111D1F2A7D2E002B1A79 /* PBXContainerItemProxy */;
			sourceTree = BUILT_PRODUCTS_DIR;
		};
		05A411201F2A7D2E002B1A79 /* GoogleMockTests.xctest */ = {
			isa = PBXReferenceProxy;
			fileType = wrapper.cfbundle;
			path = GoogleMockTests.xctest;
			remoteRef = 05A4111F1F2A7D2E002B1A79 /* PBXContainerItemProxy */;
			sourceTree = BUILT_PRODUCTS_DIR;
		};
/* End PBXReferenceProxy section */

/* Begin PBXResourcesBuildPhase section */
		05DA95FF1F2A7D5B005F46DB /* Resources */ = {
			isa = PBXResourcesBuildPhase;
			buildActionMask = 2147483647;
			files = (
			);
			runOnlyForDeploymentPostprocessing = 0;
		};
/* End PBXResourcesBuildPhase section */

/* Begin PBXSourcesBuildPhase section */
		0515C8AB1F2A71A8003B8594 /* Sources */ = {
			isa = PBXSourcesBuildPhase;
			buildActionMask = 2147483647;
			files = (
				0515C8C31F2A7807003B8594 /* File.cpp in Sources */,
			);
			runOnlyForDeploymentPostprocessing = 0;
		};
		05DA95FD1F2A7D5B005F46DB /* Sources */ = {
			isa = PBXSourcesBuildPhase;
			buildActionMask = 2147483647;
			files = (
				05DA96141F2A7DD4005F46DB /* File.cpp in Sources */,
			);
			runOnlyForDeploymentPostprocessing = 0;
		};
/* End PBXSourcesBuildPhase section */

/* Begin PBXTargetDependency section */
		05DA96081F2A7D5B005F46DB /* PBXTargetDependency */ = {
			isa = PBXTargetDependency;
			target = 0515C8AE1F2A71A8003B8594 /* IBMFF */;
			targetProxy = 05DA96071F2A7D5B005F46DB /* PBXContainerItemProxy */;
		};
		05DA96111F2A7DBE005F46DB /* PBXTargetDependency */ = {
			isa = PBXTargetDependency;
			name = GoogleMock;
			targetProxy = 05DA96101F2A7DBE005F46DB /* PBXContainerItemProxy */;
		};
/* End PBXTargetDependency section */

/* Begin XCBuildConfiguration section */
		0515C8B81F2A71A8003B8594 /* Debug */ = {
			isa = XCBuildConfiguration;
			buildSettings = {
				ALWAYS_SEARCH_USER_PATHS = NO;
				CLANG_ADDRESS_SANITIZER_CONTAINER_OVERFLOW = YES;
				CLANG_ALLOW_NON_MODULAR_INCLUDES_IN_FRAMEWORK_MODULES = NO;
				CLANG_ANALYZER_DEADCODE_DEADSTORES = YES;
				CLANG_ANALYZER_GCD = YES;
				CLANG_ANALYZER_LOCALIZABILITY_EMPTY_CONTEXT = YES;
				CLANG_ANALYZER_LOCALIZABILITY_NONLOCALIZED = YES;
				CLANG_ANALYZER_MEMORY_MANAGEMENT = YES;
				CLANG_ANALYZER_NONNULL = YES;
				CLANG_ANALYZER_NUMBER_OBJECT_CONVERSION = YES_AGGRESSIVE;
				CLANG_ANALYZER_OBJC_ATSYNC = YES;
				CLANG_ANALYZER_OBJC_COLLECTIONS = YES;
				CLANG_ANALYZER_OBJC_DEALLOC = YES;
				CLANG_ANALYZER_OBJC_GENERICS = YES;
				CLANG_ANALYZER_OBJC_INCOMP_METHOD_TYPES = YES;
				CLANG_ANALYZER_OBJC_NSCFERROR = YES;
				CLANG_ANALYZER_OBJC_RETAIN_COUNT = YES;
				CLANG_ANALYZER_OBJC_SELF_INIT = YES;
				CLANG_ANALYZER_OBJC_UNUSED_IVARS = YES;
				CLANG_ANALYZER_SECURITY_FLOATLOOPCOUNTER = YES;
				CLANG_ANALYZER_SECURITY_INSECUREAPI_GETPW_GETS = YES;
				CLANG_ANALYZER_SECURITY_INSECUREAPI_MKSTEMP = YES;
				CLANG_ANALYZER_SECURITY_INSECUREAPI_RAND = YES;
				CLANG_ANALYZER_SECURITY_INSECUREAPI_STRCPY = YES;
				CLANG_ANALYZER_SECURITY_INSECUREAPI_UNCHECKEDRETURN = YES;
				CLANG_ANALYZER_SECURITY_INSECUREAPI_VFORK = YES;
				CLANG_ANALYZER_SECURITY_KEYCHAIN_API = YES;
				CLANG_CXX_LANGUAGE_STANDARD = "c++0x";
				CLANG_CXX_LIBRARY = "libc++";
				CLANG_ENABLE_CODE_COVERAGE = YES;
				CLANG_ENABLE_MODULES = YES;
				CLANG_ENABLE_MODULE_DEBUGGING = NO;
				CLANG_ENABLE_OBJC_ARC = YES;
				CLANG_ENABLE_OBJC_WEAK = NO;
				CLANG_LINK_OBJC_RUNTIME = YES;
				CLANG_MODULES_AUTOLINK = YES;
				CLANG_STATIC_ANALYZER_MODE = deep;
				CLANG_STATIC_ANALYZER_MODE_ON_ANALYZE_ACTION = deep;
				CLANG_UNDEFINED_BEHAVIOR_SANITIZER_INTEGER = YES;
				CLANG_UNDEFINED_BEHAVIOR_SANITIZER_NULLABILITY = YES;
				CLANG_WARN_ASSIGN_ENUM = YES;
				CLANG_WARN_BLOCK_CAPTURE_AUTORELEASING = YES;
				CLANG_WARN_BOOL_CONVERSION = YES;
				CLANG_WARN_COMMA = YES;
				CLANG_WARN_CONSTANT_CONVERSION = YES;
				CLANG_WARN_CXX0X_EXTENSIONS = YES;
				CLANG_WARN_DEPRECATED_OBJC_IMPLEMENTATIONS = YES;
				CLANG_WARN_DIRECT_OBJC_ISA_USAGE = YES_ERROR;
				CLANG_WARN_DOCUMENTATION_COMMENTS = YES;
				CLANG_WARN_EMPTY_BODY = YES;
				CLANG_WARN_ENUM_CONVERSION = YES;
				CLANG_WARN_FLOAT_CONVERSION = YES_ERROR;
				CLANG_WARN_IMPLICIT_SIGN_CONVERSION = YES_ERROR;
				CLANG_WARN_INFINITE_RECURSION = YES;
				CLANG_WARN_INT_CONVERSION = YES;
				CLANG_WARN_NON_LITERAL_NULL_CONVERSION = YES;
				CLANG_WARN_OBJC_EXPLICIT_OWNERSHIP_TYPE = YES;
				CLANG_WARN_OBJC_IMPLICIT_ATOMIC_PROPERTIES = YES;
				CLANG_WARN_OBJC_IMPLICIT_RETAIN_SELF = YES;
				CLANG_WARN_OBJC_LITERAL_CONVERSION = YES;
				CLANG_WARN_OBJC_MISSING_PROPERTY_SYNTHESIS = YES;
				CLANG_WARN_OBJC_REPEATED_USE_OF_WEAK = YES_AGGRESSIVE;
				CLANG_WARN_OBJC_ROOT_CLASS = YES_ERROR;
				CLANG_WARN_RANGE_LOOP_ANALYSIS = YES;
				CLANG_WARN_STRICT_PROTOTYPES = YES;
				CLANG_WARN_SUSPICIOUS_IMPLICIT_CONVERSION = YES_ERROR;
				CLANG_WARN_SUSPICIOUS_MOVE = YES;
				CLANG_WARN_UNGUARDED_AVAILABILITY = YES_AGGRESSIVE;
				CLANG_WARN_UNREACHABLE_CODE = YES;
				CLANG_WARN__ARC_BRIDGE_CAST_NONARC = YES;
				CLANG_WARN__DUPLICATE_METHOD_MATCH = YES;
				CLANG_WARN__EXIT_TIME_DESTRUCTORS = YES;
				CODE_SIGN_IDENTITY = "-";
				COMBINE_HIDPI_IMAGES = YES;
				COPY_PHASE_STRIP = NO;
				DEBUG_INFORMATION_FORMAT = dwarf;
				ENABLE_NS_ASSERTIONS = YES;
				ENABLE_STRICT_OBJC_MSGSEND = YES;
				ENABLE_TESTABILITY = YES;
				GCC_C_LANGUAGE_STANDARD = c11;
				GCC_DYNAMIC_NO_PIC = NO;
				GCC_ENABLE_CPP_EXCEPTIONS = YES;
				GCC_ENABLE_CPP_RTTI = YES;
				GCC_ENABLE_OBJC_EXCEPTIONS = YES;
				GCC_GENERATE_TEST_COVERAGE_FILES = YES;
				GCC_INSTRUMENT_PROGRAM_FLOW_ARCS = YES;
				GCC_NO_COMMON_BLOCKS = YES;
				GCC_OPTIMIZATION_LEVEL = 0;
				GCC_PREPROCESSOR_DEFINITIONS = (
					"DEBUG=1",
					"$(inherited)",
				);
				GCC_STRICT_ALIASING = YES;
				GCC_TREAT_IMPLICIT_FUNCTION_DECLARATIONS_AS_ERRORS = YES;
				GCC_TREAT_INCOMPATIBLE_POINTER_TYPE_WARNINGS_AS_ERRORS = YES;
				GCC_TREAT_WARNINGS_AS_ERRORS = YES;
				GCC_WARN_64_TO_32_BIT_CONVERSION = YES;
				GCC_WARN_ABOUT_DEPRECATED_FUNCTIONS = YES;
				GCC_WARN_ABOUT_INVALID_OFFSETOF_MACRO = YES;
				GCC_WARN_ABOUT_MISSING_FIELD_INITIALIZERS = YES;
				GCC_WARN_ABOUT_MISSING_NEWLINE = YES;
				GCC_WARN_ABOUT_MISSING_PROTOTYPES = YES;
				GCC_WARN_ABOUT_POINTER_SIGNEDNESS = YES;
				GCC_WARN_ABOUT_RETURN_TYPE = YES_ERROR;
				GCC_WARN_ALLOW_INCOMPLETE_PROTOCOL = YES;
				GCC_WARN_CHECK_SWITCH_STATEMENTS = YES;
				GCC_WARN_FOUR_CHARACTER_CONSTANTS = YES;
				GCC_WARN_HIDDEN_VIRTUAL_FUNCTIONS = YES;
				GCC_WARN_INHIBIT_ALL_WARNINGS = NO;
				GCC_WARN_INITIALIZER_NOT_FULLY_BRACKETED = YES;
				GCC_WARN_MISSING_PARENTHESES = YES;
				GCC_WARN_NON_VIRTUAL_DESTRUCTOR = YES;
				GCC_WARN_PEDANTIC = YES;
				GCC_WARN_SHADOW = YES;
				GCC_WARN_SIGN_COMPARE = YES;
				GCC_WARN_STRICT_SELECTOR_MATCH = YES;
				GCC_WARN_TYPECHECK_CALLS_TO_PRINTF = YES;
				GCC_WARN_UNDECLARED_SELECTOR = YES;
				GCC_WARN_UNINITIALIZED_AUTOS = YES_AGGRESSIVE;
				GCC_WARN_UNKNOWN_PRAGMAS = YES;
				GCC_WARN_UNUSED_FUNCTION = YES;
				GCC_WARN_UNUSED_LABEL = YES;
				GCC_WARN_UNUSED_PARAMETER = YES;
				GCC_WARN_UNUSED_VALUE = YES;
				GCC_WARN_UNUSED_VARIABLE = YES;
				HEADER_SEARCH_PATHS = (
					"$(SRCROOT)/Submodules/PIMPL/PIMPL/include",
					"$(SRCROOT)/IBMFF/include",
				);
				LLVM_LTO = YES_THIN;
				MACOSX_DEPLOYMENT_TARGET = 10.8;
				ONLY_ACTIVE_ARCH = YES;
				RUN_CLANG_STATIC_ANALYZER = YES;
				SDKROOT = macosx;
			};
			name = Debug;
		};
		0515C8B91F2A71A8003B8594 /* Release */ = {
			isa = XCBuildConfiguration;
			buildSettings = {
				ALWAYS_SEARCH_USER_PATHS = NO;
				CLANG_ADDRESS_SANITIZER_CONTAINER_OVERFLOW = YES;
				CLANG_ALLOW_NON_MODULAR_INCLUDES_IN_FRAMEWORK_MODULES = NO;
				CLANG_ANALYZER_DEADCODE_DEADSTORES = YES;
				CLANG_ANALYZER_GCD = YES;
				CLANG_ANALYZER_LOCALIZABILITY_EMPTY_CONTEXT = YES;
				CLANG_ANALYZER_LOCALIZABILITY_NONLOCALIZED = YES;
				CLANG_ANALYZER_MEMORY_MANAGEMENT = YES;
				CLANG_ANALYZER_NONNULL = YES;
				CLANG_ANALYZER_NUMBER_OBJECT_CONVERSION = YES_AGGRESSIVE;
				CLANG_ANALYZER_OBJC_ATSYNC = YES;
				CLANG_ANALYZER_OBJC_COLLECTIONS = YES;
				CLANG_ANALYZER_OBJC_DEALLOC = YES;
				CLANG_ANALYZER_OBJC_GENERICS = YES;
				CLANG_ANALYZER_OBJC_INCOMP_METHOD_TYPES = YES;
				CLANG_ANALYZER_OBJC_NSCFERROR = YES;
				CLANG_ANALYZER_OBJC_RETAIN_COUNT = YES;
				CLANG_ANALYZER_OBJC_SELF_INIT = YES;
				CLANG_ANALYZER_OBJC_UNUSED_IVARS = YES;
				CLANG_ANALYZER_SECURITY_FLOATLOOPCOUNTER = YES;
				CLANG_ANALYZER_SECURITY_INSECUREAPI_GETPW_GETS = YES;
				CLANG_ANALYZER_SECURITY_INSECUREAPI_MKSTEMP = YES;
				CLANG_ANALYZER_SECURITY_INSECUREAPI_RAND = YES;
				CLANG_ANALYZER_SECURITY_INSECUREAPI_STRCPY = YES;
				CLANG_ANALYZER_SECURITY_INSECUREAPI_UNCHECKEDRETURN = YES;
				CLANG_ANALYZER_SECURITY_INSECUREAPI_VFORK = YES;
				CLANG_ANALYZER_SECURITY_KEYCHAIN_API = YES;
				CLANG_CXX_LANGUAGE_STANDARD = "c++0x";
				CLANG_CXX_LIBRARY = "libc++";
				CLANG_ENABLE_CODE_COVERAGE = NO;
				CLANG_ENABLE_MODULES = YES;
				CLANG_ENABLE_MODULE_DEBUGGING = NO;
				CLANG_ENABLE_OBJC_ARC = YES;
				CLANG_ENABLE_OBJC_WEAK = NO;
				CLANG_LINK_OBJC_RUNTIME = YES;
				CLANG_MODULES_AUTOLINK = YES;
				CLANG_STATIC_ANALYZER_MODE = deep;
				CLANG_STATIC_ANALYZER_MODE_ON_ANALYZE_ACTION = deep;
				CLANG_UNDEFINED_BEHAVIOR_SANITIZER_INTEGER = YES;
				CLANG_UNDEFINED_BEHAVIOR_SANITIZER_NULLABILITY = YES;
				CLANG_WARN_ASSIGN_ENUM = YES;
				CLANG_WARN_BLOCK_CAPTURE_AUTORELEASING = YES;
				CLANG_WARN_BOOL_CONVERSION = YES;
				CLANG_WARN_COMMA = YES;
				CLANG_WARN_CONSTANT_CONVERSION = YES;
				CLANG_WARN_CXX0X_EXTENSIONS = YES;
				CLANG_WARN_DEPRECATED_OBJC_IMPLEMENTATIONS = YES;
				CLANG_WARN_DIRECT_OBJC_ISA_USAGE = YES_ERROR;
				CLANG_WARN_DOCUMENTATION_COMMENTS = YES;
				CLANG_WARN_EMPTY_BODY = YES;
				CLANG_WARN_ENUM_CONVERSION = YES;
				CLANG_WARN_FLOAT_CONVERSION = YES_ERROR;
				CLANG_WARN_IMPLICIT_SIGN_CONVERSION = YES_ERROR;
				CLANG_WARN_INFINITE_RECURSION = YES;
				CLANG_WARN_INT_CONVERSION = YES;
				CLANG_WARN_NON_LITERAL_NULL_CONVERSION = YES;
				CLANG_WARN_OBJC_EXPLICIT_OWNERSHIP_TYPE = YES;
				CLANG_WARN_OBJC_IMPLICIT_ATOMIC_PROPERTIES = YES;
				CLANG_WARN_OBJC_IMPLICIT_RETAIN_SELF = YES;
				CLANG_WARN_OBJC_LITERAL_CONVERSION = YES;
				CLANG_WARN_OBJC_MISSING_PROPERTY_SYNTHESIS = YES;
				CLANG_WARN_OBJC_REPEATED_USE_OF_WEAK = YES_AGGRESSIVE;
				CLANG_WARN_OBJC_ROOT_CLASS = YES_ERROR;
				CLANG_WARN_RANGE_LOOP_ANALYSIS = YES;
				CLANG_WARN_STRICT_PROTOTYPES = YES;
				CLANG_WARN_SUSPICIOUS_IMPLICIT_CONVERSION = YES_ERROR;
				CLANG_WARN_SUSPICIOUS_MOVE = YES;
				CLANG_WARN_UNGUARDED_AVAILABILITY = YES_AGGRESSIVE;
				CLANG_WARN_UNREACHABLE_CODE = YES;
				CLANG_WARN__ARC_BRIDGE_CAST_NONARC = YES;
				CLANG_WARN__DUPLICATE_METHOD_MATCH = YES;
				CLANG_WARN__EXIT_TIME_DESTRUCTORS = YES;
				CODE_SIGN_IDENTITY = "-";
				COMBINE_HIDPI_IMAGES = YES;
				COPY_PHASE_STRIP = NO;
				DEBUG_INFORMATION_FORMAT = "dwarf-with-dsym";
				ENABLE_NS_ASSERTIONS = NO;
				ENABLE_STRICT_OBJC_MSGSEND = YES;
				GCC_C_LANGUAGE_STANDARD = c11;
				GCC_ENABLE_CPP_EXCEPTIONS = YES;
				GCC_ENABLE_CPP_RTTI = YES;
				GCC_ENABLE_OBJC_EXCEPTIONS = YES;
				GCC_GENERATE_TEST_COVERAGE_FILES = NO;
				GCC_INSTRUMENT_PROGRAM_FLOW_ARCS = NO;
				GCC_NO_COMMON_BLOCKS = YES;
				GCC_OPTIMIZATION_LEVEL = s;
				GCC_STRICT_ALIASING = YES;
				GCC_TREAT_IMPLICIT_FUNCTION_DECLARATIONS_AS_ERRORS = YES;
				GCC_TREAT_INCOMPATIBLE_POINTER_TYPE_WARNINGS_AS_ERRORS = YES;
				GCC_TREAT_WARNINGS_AS_ERRORS = YES;
				GCC_WARN_64_TO_32_BIT_CONVERSION = YES;
				GCC_WARN_ABOUT_DEPRECATED_FUNCTIONS = YES;
				GCC_WARN_ABOUT_INVALID_OFFSETOF_MACRO = YES;
				GCC_WARN_ABOUT_MISSING_FIELD_INITIALIZERS = YES;
				GCC_WARN_ABOUT_MISSING_NEWLINE = YES;
				GCC_WARN_ABOUT_MISSING_PROTOTYPES = YES;
				GCC_WARN_ABOUT_POINTER_SIGNEDNESS = YES;
				GCC_WARN_ABOUT_RETURN_TYPE = YES_ERROR;
				GCC_WARN_ALLOW_INCOMPLETE_PROTOCOL = YES;
				GCC_WARN_CHECK_SWITCH_STATEMENTS = YES;
				GCC_WARN_FOUR_CHARACTER_CONSTANTS = YES;
				GCC_WARN_HIDDEN_VIRTUAL_FUNCTIONS = YES;
				GCC_WARN_INHIBIT_ALL_WARNINGS = NO;
				GCC_WARN_INITIALIZER_NOT_FULLY_BRACKETED = YES;
				GCC_WARN_MISSING_PARENTHESES = YES;
				GCC_WARN_NON_VIRTUAL_DESTRUCTOR = YES;
				GCC_WARN_PEDANTIC = YES;
				GCC_WARN_SHADOW = YES;
				GCC_WARN_SIGN_COMPARE = YES;
				GCC_WARN_STRICT_SELECTOR_MATCH = YES;
				GCC_WARN_TYPECHECK_CALLS_TO_PRINTF = YES;
				GCC_WARN_UNDECLARED_SELECTOR = YES;
				GCC_WARN_UNINITIALIZED_AUTOS = YES_AGGRESSIVE;
				GCC_WARN_UNKNOWN_PRAGMAS = YES;
				GCC_WARN_UNUSED_FUNCTION = YES;
				GCC_WARN_UNUSED_LABEL = YES;
				GCC_WARN_UNUSED_PARAMETER = YES;
				GCC_WARN_UNUSED_VALUE = YES;
				GCC_WARN_UNUSED_VARIABLE = YES;
				HEADER_SEARCH_PATHS = (
					"$(SRCROOT)/Submodules/PIMPL/PIMPL/include",
					"$(SRCROOT)/IBMFF/include",
				);
				LLVM_LTO = YES_THIN;
				MACOSX_DEPLOYMENT_TARGET = 10.8;
				RUN_CLANG_STATIC_ANALYZER = YES;
				SDKROOT = macosx;
			};
			name = Release;
		};
		0515C8BB1F2A71A8003B8594 /* Debug */ = {
			isa = XCBuildConfiguration;
			buildSettings = {
				EXECUTABLE_PREFIX = lib;
				PRODUCT_NAME = "$(TARGET_NAME)";
			};
			name = Debug;
		};
		0515C8BC1F2A71A8003B8594 /* Release */ = {
			isa = XCBuildConfiguration;
			buildSettings = {
				EXECUTABLE_PREFIX = lib;
				PRODUCT_NAME = "$(TARGET_NAME)";
			};
			name = Release;
		};
		05DA96091F2A7D5B005F46DB /* Debug */ = {
			isa = XCBuildConfiguration;
			buildSettings = {
				INFOPLIST_FILE = "IBMFF-Tests/Info.plist";
				LD_RUNPATH_SEARCH_PATHS = "$(inherited) @executable_path/../Frameworks @loader_path/../Frameworks";
				PRODUCT_BUNDLE_IDENTIFIER = "com.xs-labs.IBMFF-Tests";
				PRODUCT_NAME = "$(TARGET_NAME)";
			};
			name = Debug;
		};
		05DA960A1F2A7D5B005F46DB /* Release */ = {
			isa = XCBuildConfiguration;
			buildSettings = {
				INFOPLIST_FILE = "IBMFF-Tests/Info.plist";
				LD_RUNPATH_SEARCH_PATHS = "$(inherited) @executable_path/../Frameworks @loader_path/../Frameworks";
				PRODUCT_BUNDLE_IDENTIFIER = "com.xs-labs.IBMFF-Tests";
				PRODUCT_NAME = "$(TARGET_NAME)";
			};
			name = Release;
		};
/* End XCBuildConfiguration section */

/* Begin XCConfigurationList section */
		0515C8AA1F2A71A8003B8594 /* Build configuration list for PBXProject "IBMFF" */ = {
			isa = XCConfigurationList;
			buildConfigurations = (
				0515C8B81F2A71A8003B8594 /* Debug */,
				0515C8B91F2A71A8003B8594 /* Release */,
			);
			defaultConfigurationIsVisible = 0;
			defaultConfigurationName = Release;
		};
		0515C8BA1F2A71A8003B8594 /* Build configuration list for PBXNativeTarget "IBMFF" */ = {
			isa = XCConfigurationList;
			buildConfigurations = (
				0515C8BB1F2A71A8003B8594 /* Debug */,
				0515C8BC1F2A71A8003B8594 /* Release */,
			);
			defaultConfigurationIsVisible = 0;
			defaultConfigurationName = Release;
		};
		05DA960F1F2A7D5B005F46DB /* Build configuration list for PBXNativeTarget "IBMFF-Tests" */ = {
			isa = XCConfigurationList;
			buildConfigurations = (
				05DA96091F2A7D5B005F46DB /* Debug */,
				05DA960A1F2A7D5B005F46DB /* Release */,
			);
			defaultConfigurationIsVisible = 0;
			defaultConfigurationName = Release;
		};
/* End XCConfigurationList section */
	};
	rootObject = 0515C8A71F2A71A8003B8594 /* Project object */;
}
